
Microsoft Visual Studio Solution File, Format Version 12.00
# Visual Studio 14
VisualStudioVersion = 14.0.25123.0
MinimumVisualStudioVersion = 10.0.40219.1
Project("{FAE04EC0-301F-11D3-BF4B-00C04F79EFBC}") = "CreviceApp", "CreviceApp.csproj", "{67EC531C-07C7-463A-87CE-F5F49496E271}"
EndProject
Project("{FAE04EC0-301F-11D3-BF4B-00C04F79EFBC}") = "CreviceAppTests", "..\CreviceAppTests\CreviceAppTests.csproj", "{73279195-6457-477E-89F9-7E4ACB8A00D7}"
EndProject
Global
	GlobalSection(SolutionConfigurationPlatforms) = preSolution
		Debug|Any CPU = Debug|Any CPU
		Release|Any CPU = Release|Any CPU
	EndGlobalSection
	GlobalSection(ProjectConfigurationPlatforms) = postSolution
		{67EC531C-07C7-463A-87CE-F5F49496E271}.Debug|Any CPU.ActiveCfg = Debug|Any CPU
		{67EC531C-07C7-463A-87CE-F5F49496E271}.Debug|Any CPU.Build.0 = Debug|Any CPU
		{67EC531C-07C7-463A-87CE-F5F49496E271}.Release|Any CPU.ActiveCfg = Release|Any CPU
		{67EC531C-07C7-463A-87CE-F5F49496E271}.Release|Any CPU.Build.0 = Release|Any CPU
		{73279195-6457-477E-89F9-7E4ACB8A00D7}.Debug|Any CPU.ActiveCfg = Debug|Any CPU
		{73279195-6457-477E-89F9-7E4ACB8A00D7}.Debug|Any CPU.Build.0 = Debug|Any CPU
		{73279195-6457-477E-89F9-7E4ACB8A00D7}.Release|Any CPU.ActiveCfg = Release|Any CPU
		{73279195-6457-477E-89F9-7E4ACB8A00D7}.Release|Any CPU.Build.0 = Release|Any CPU
	EndGlobalSection
	GlobalSection(SolutionProperties) = preSolution
		HideSolutionNode = FALSE
	EndGlobalSection
EndGlobal
